{
  "lockfile_version": "1",
  "packages": {
    "bun@latest": {
      "last_modified": "2024-05-22T06:18:38Z",
      "resolved": "github:NixOS/nixpkgs/3f316d2a50699a78afe5e77ca486ad553169061e#bun",
      "source": "devbox-search",
      "version": "1.1.8",
      "systems": {
        "aarch64-darwin": {
          "outputs": [
            {
              "name": "out",
              "path": "/nix/store/5lg9pnk4pbw05344lbsl5yrgcn2kxmg9-bun-1.1.8",
              "default": true
            }
          ],
          "store_path": "/nix/store/5lg9pnk4pbw05344lbsl5yrgcn2kxmg9-bun-1.1.8"
        },
        "aarch64-linux": {
          "outputs": [
            {
              "name": "out",
              "path": "/nix/store/1s22jrr8s10w2w514h738dqglhmdkj0i-bun-1.1.8",
              "default": true
            }
          ],
          "store_path": "/nix/store/1s22jrr8s10w2w514h738dqglhmdkj0i-bun-1.1.8"
        },
        "x86_64-darwin": {
          "outputs": [
            {
              "name": "out",
              "path": "/nix/store/91ik0p9ayfhz3ygj3wk8ibgv24nc38qk-bun-1.1.8",
              "default": true
            }
          ],
          "store_path": "/nix/store/91ik0p9ayfhz3ygj3wk8ibgv24nc38qk-bun-1.1.8"
        },
        "x86_64-linux": {
          "outputs": [
            {
              "name": "out",
              "path": "/nix/store/aglwbz11k9m86jp2fndadmcbp1zsr74y-bun-1.1.8",
              "default": true
            }
          ],
          "store_path": "/nix/store/aglwbz11k9m86jp2fndadmcbp1zsr74y-bun-1.1.8"
        }
      }
    },
    "github:NixOS/nixpkgs/nixpkgs-unstable": {
      "resolved": "github:NixOS/nixpkgs/6c5963357f3c1c840201eda129a99d455074db04?lastModified=1743076231&narHash=sha256-yQugdVfi316qUfqzN8JMaA2vixl%2B45GxNm4oUfXlbgw%3D"
    },
    "nodejs@latest": {
      "last_modified": "2024-05-22T06:18:38Z",
      "plugin_version": "0.0.2",
      "resolved": "github:NixOS/nixpkgs/3f316d2a50699a78afe5e77ca486ad553169061e#nodejs_22",
      "source": "devbox-search",
      "version": "22.2.0",
      "systems": {
        "aarch64-darwin": {
          "outputs": [
            {
              "name": "out",
              "path": "/nix/store/rz5da1id31jgyax1yb6dms0mzpxkywds-nodejs-22.2.0",
              "default": true
            },
            {
              "name": "libv8",
              "path": "/nix/store/5pa8xjwgg12gh137n51hg90fsh9m0dab-nodejs-22.2.0-libv8"
            }
          ],
          "store_path": "/nix/store/rz5da1id31jgyax1yb6dms0mzpxkywds-nodejs-22.2.0"
        },
        "aarch64-linux": {
          "outputs": [
            {
              "name": "out",
              "path": "/nix/store/dkg3sm7j61sfkpvg0bpi0hbjcccbg2wy-nodejs-22.2.0",
              "default": true
            },
            {
              "name": "libv8",
              "path": "/nix/store/xy685pkgmwsd5wkdzvsd56ip9kb66g68-nodejs-22.2.0-libv8"
            }
          ],
          "store_path": "/nix/store/dkg3sm7j61sfkpvg0bpi0hbjcccbg2wy-nodejs-22.2.0"
        },
        "x86_64-darwin": {
          "outputs": [
            {
              "name": "out",
              "path": "/nix/store/y8ns070yvn6ffbwzhmvk03lw7lh4ly02-nodejs-22.2.0",
              "default": true
            },
            {
              "name": "libv8",
              "path": "/nix/store/9z2a94v29m4jmq4b899i9mqgswizb7lx-nodejs-22.2.0-libv8"
            }
          ],
          "store_path": "/nix/store/y8ns070yvn6ffbwzhmvk03lw7lh4ly02-nodejs-22.2.0"
        },
        "x86_64-linux": {
          "outputs": [
            {
              "name": "out",
              "path": "/nix/store/72m3szv59j74b12dmicmayvvlikh65qc-nodejs-22.2.0",
              "default": true
            },
            {
              "name": "libv8",
              "path": "/nix/store/cwmjcfmrp2ry6d7xmm6zxcrc9qhbi22k-nodejs-22.2.0-libv8"
            }
          ],
          "store_path": "/nix/store/72m3szv59j74b12dmicmayvvlikh65qc-nodejs-22.2.0"
        }
      }
    }
  }
}
